
Microsoft Visual Studio Solution File, Format Version 12.00
# Visual Studio Version 17
VisualStudioVersion = 17.14.36623.8 d17.14
MinimumVisualStudioVersion = 10.0.40219.1
Project("{FAE04EC0-301F-11D3-BF4B-00C04F79EFBC}") = "CourseProject", "CourseProject.csproj", "{A8A9A8C5-DB49-4E2F-9F26-C88DA8C7026A}"
EndProject
Global
	GlobalSection(SolutionConfigurationPlatforms) = preSolution
		Debug|Any CPU = Debug|Any CPU
		Release|Any CPU = Release|Any CPU
	EndGlobalSection
	GlobalSection(ProjectConfigurationPlatforms) = postSolution
		{A8A9A8C5-DB49-4E2F-9F26-C88DA8C7026A}.Debug|Any CPU.ActiveCfg = Debug|Any CPU
		{A8A9A8C5-DB49-4E2F-9F26-C88DA8C7026A}.Debug|Any CPU.Build.0 = Debug|Any CPU
		{A8A9A8C5-DB49-4E2F-9F26-C88DA8C7026A}.Release|Any CPU.ActiveCfg = Release|Any CPU
		{A8A9A8C5-DB49-4E2F-9F26-C88DA8C7026A}.Release|Any CPU.Build.0 = Release|Any CPU
	EndGlobalSection
	GlobalSection(SolutionProperties) = preSolution
		HideSolutionNode = FALSE
	EndGlobalSection
	GlobalSection(ExtensibilityGlobals) = postSolution
		SolutionGuid = {5676520D-DD66-4B3B-9417-7C44713636B0}
	EndGlobalSection
EndGlobal
